
Microsoft Visual Studio Solution File, Format Version 12.00
# Visual Studio Version 17
VisualStudioVersion = 17.11.35312.102
MinimumVisualStudioVersion = 10.0.40219.1
Project("{FAE04EC0-301F-11D3-BF4B-00C04F79EFBC}") = "KeyValueCase", "KeyValueCase\KeyValueCase.csproj", "{982297F9-C1C7-44C2-BE80-2D8681CC2315}"
EndProject
Global
	GlobalSection(SolutionConfigurationPlatforms) = preSolution
		Debug|Any CPU = Debug|Any CPU
		Release|Any CPU = Release|Any CPU
	EndGlobalSection
	GlobalSection(ProjectConfigurationPlatforms) = postSolution
		{982297F9-C1C7-44C2-BE80-2D8681CC2315}.Debug|Any CPU.ActiveCfg = Debug|Any CPU
		{982297F9-C1C7-44C2-BE80-2D8681CC2315}.Debug|Any CPU.Build.0 = Debug|Any CPU
		{982297F9-C1C7-44C2-BE80-2D8681CC2315}.Release|Any CPU.ActiveCfg = Release|Any CPU
		{982297F9-C1C7-44C2-BE80-2D8681CC2315}.Release|Any CPU.Build.0 = Release|Any CPU
	EndGlobalSection
	GlobalSection(SolutionProperties) = preSolution
		HideSolutionNode = FALSE
	EndGlobalSection
	GlobalSection(ExtensibilityGlobals) = postSolution
		SolutionGuid = {B9857DCB-F7D2-408C-8204-2BB52EA50A4C}
	EndGlobalSection
EndGlobal
